schema: '2.0'
stages:
  get_data:
    cmd: python get_data.py
    deps:
    - path: get_data.py
      hash: md5
      md5: aa921335835ad6b0164289868de3e46f
      size: 301
    outs:
    - path: data/data_raw.csv
      hash: md5
      md5: 500a0acbd112b7c512929eac892f9864
      size: 4009
  train:
    cmd: python train.py
    deps:
    - path: data/data_raw.csv
      hash: md5
      md5: 500a0acbd112b7c512929eac892f9864
      size: 4009
    - path: train.py
      hash: md5
      md5: 0d136fb88afe84689ff17aa31ed26147
      size: 849
    outs:
    - path: confusion_matrix.png
      hash: md5
      md5: b3dcb2cef3615c795a8768474f456916
      size: 15828
    - path: metrics.json
      hash: md5
      md5: 354bf16174ce36ae898245642a458c0d
      size: 25
