schema: '2.0'
stages:
  get_data:
    cmd: python get_data.py
    deps:
    - path: get_data.py
      hash: md5
      md5: aa921335835ad6b0164289868de3e46f
      size: 301
    outs:
    - path: data/data_raw.csv
      hash: md5
      md5: 500a0acbd112b7c512929eac892f9864
      size: 4009
  train:
    cmd: python train.py
    deps:
    - path: data/data_raw.csv
      hash: md5
      md5: 500a0acbd112b7c512929eac892f9864
      size: 4009
    - path: train.py
      hash: md5
      md5: a5ae8f0dbabc97ac8107b99112c14e1c
      size: 891
    outs:
    - path: confusion_matrix.png
      hash: md5
      md5: c78d75e32fcccc58648577c0c1a9fe8c
      size: 21304
    - path: metrics.json
      hash: md5
      md5: 02577eb22e3f53d31ca0f5880d8a156d
      size: 40
